// !$*UTF8*$!
{
	archiveVersion = 1;
	classes = {
	};
	objectVersion = 55;
	objects = {

/* Begin PBXBuildFile section */
		82CCE4E427665DED0005F18C /* NewsAppForLessonApp.swift in Sources */ = {isa = PBXBuildFile; fileRef = 82CCE4E327665DED0005F18C /* NewsAppForLessonApp.swift */; };
		82CCE4E627665DED0005F18C /* ContentView.swift in Sources */ = {isa = PBXBuildFile; fileRef = 82CCE4E527665DED0005F18C /* ContentView.swift */; };
		82CCE4E827665DEE0005F18C /* Assets.xcassets in Resources */ = {isa = PBXBuildFile; fileRef = 82CCE4E727665DEE0005F18C /* Assets.xcassets */; };
		82CCE4EB27665DEE0005F18C /* Preview Assets.xcassets in Resources */ = {isa = PBXBuildFile; fileRef = 82CCE4EA27665DEE0005F18C /* Preview Assets.xcassets */; };
		82CCE4F527665DEE0005F18C /* NewsAppForLessonTests.swift in Sources */ = {isa = PBXBuildFile; fileRef = 82CCE4F427665DEE0005F18C /* NewsAppForLessonTests.swift */; };
		82CCE4FF27665DEE0005F18C /* NewsAppForLessonUITests.swift in Sources */ = {isa = PBXBuildFile; fileRef = 82CCE4FE27665DEE0005F18C /* NewsAppForLessonUITests.swift */; };
		82CCE50127665DEE0005F18C /* NewsAppForLessonUITestsLaunchTests.swift in Sources */ = {isa = PBXBuildFile; fileRef = 82CCE50027665DEE0005F18C /* NewsAppForLessonUITestsLaunchTests.swift */; };
/* End PBXBuildFile section */

/* Begin PBXContainerItemProxy section */
		82CCE4F127665DEE0005F18C /* PBXContainerItemProxy */ = {
			isa = PBXContainerItemProxy;
			containerPortal = 82CCE4D827665DED0005F18C /* Project object */;
			proxyType = 1;
			remoteGlobalIDString = 82CCE4DF27665DED0005F18C;
			remoteInfo = NewsAppForLesson;
		};
		82CCE4FB27665DEE0005F18C /* PBXContainerItemProxy */ = {
			isa = PBXContainerItemProxy;
			containerPortal = 82CCE4D827665DED0005F18C /* Project object */;
			proxyType = 1;
			remoteGlobalIDString = 82CCE4DF27665DED0005F18C;
			remoteInfo = NewsAppForLesson;
		};
/* End PBXContainerItemProxy section */

/* Begin PBXFileReference section */
		82CCE4E027665DED0005F18C /* NewsAppForLesson.app */ = {isa = PBXFileReference; explicitFileType = wrapper.application; includeInIndex = 0; path = NewsAppForLesson.app; sourceTree = BUILT_PRODUCTS_DIR; };
		82CCE4E327665DED0005F18C /* NewsAppForLessonApp.swift */ = {isa = PBXFileReference; lastKnownFileType = sourcecode.swift; path = NewsAppForLessonApp.swift; sourceTree = "<group>"; };
		82CCE4E527665DED0005F18C /* ContentView.swift */ = {isa = PBXFileReference; lastKnownFileType = sourcecode.swift; path = ContentView.swift; sourceTree = "<group>"; };
		82CCE4E727665DEE0005F18C /* Assets.xcassets */ = {isa = PBXFileReference; lastKnownFileType = folder.assetcatalog; path = Assets.xcassets; sourceTree = "<group>"; };
		82CCE4EA27665DEE0005F18C /* Preview Assets.xcassets */ = {isa = PBXFileReference; lastKnownFileType = folder.assetcatalog; path = "Preview Assets.xcassets"; sourceTree = "<group>"; };
		82CCE4F027665DEE0005F18C /* NewsAppForLessonTests.xctest */ = {isa = PBXFileReference; explicitFileType = wrapper.cfbundle; includeInIndex = 0; path = NewsAppForLessonTests.xctest; sourceTree = BUILT_PRODUCTS_DIR; };
		82CCE4F427665DEE0005F18C /* NewsAppForLessonTests.swift */ = {isa = PBXFileReference; lastKnownFileType = sourcecode.swift; path = NewsAppForLessonTests.swift; sourceTree = "<group>"; };
		82CCE4FA27665DEE0005F18C /* NewsAppForLessonUITests.xctest */ = {isa = PBXFileReference; explicitFileType = wrapper.cfbundle; includeInIndex = 0; path = NewsAppForLessonUITests.xctest; sourceTree = BUILT_PRODUCTS_DIR; };
		82CCE4FE27665DEE0005F18C /* NewsAppForLessonUITests.swift */ = {isa = PBXFileReference; lastKnownFileType = sourcecode.swift; path = NewsAppForLessonUITests.swift; sourceTree = "<group>"; };
		82CCE50027665DEE0005F18C /* NewsAppForLessonUITestsLaunchTests.swift */ = {isa = PBXFileReference; lastKnownFileType = sourcecode.swift; path = NewsAppForLessonUITestsLaunchTests.swift; sourceTree = "<group>"; };
/* End PBXFileReference section */

/* Begin PBXFrameworksBuildPhase section */
		82CCE4DD27665DED0005F18C /* Frameworks */ = {
			isa = PBXFrameworksBuildPhase;
			buildActionMask = 2147483647;
			files = (
			);
			runOnlyForDeploymentPostprocessing = 0;
		};
		82CCE4ED27665DEE0005F18C /* Frameworks */ = {
			isa = PBXFrameworksBuildPhase;
			buildActionMask = 2147483647;
			files = (
			);
			runOnlyForDeploymentPostprocessing = 0;
		};
		82CCE4F727665DEE0005F18C /* Frameworks */ = {
			isa = PBXFrameworksBuildPhase;
			buildActionMask = 2147483647;
			files = (
			);
			runOnlyForDeploymentPostprocessing = 0;
		};
/* End PBXFrameworksBuildPhase section */

/* Begin PBXGroup section */
		82CCE4D727665DED0005F18C = {
			isa = PBXGroup;
			children = (
				82CCE4E227665DED0005F18C /* NewsAppForLesson */,
				82CCE4F327665DEE0005F18C /* NewsAppForLessonTests */,
				82CCE4FD27665DEE0005F18C /* NewsAppForLessonUITests */,
				82CCE4E127665DED0005F18C /* Products */,
			);
			sourceTree = "<group>";
		};
		82CCE4E127665DED0005F18C /* Products */ = {
			isa = PBXGroup;
			children = (
				82CCE4E027665DED0005F18C /* NewsAppForLesson.app */,
				82CCE4F027665DEE0005F18C /* NewsAppForLessonTests.xctest */,
				82CCE4FA27665DEE0005F18C /* NewsAppForLessonUITests.xctest */,
			);
			name = Products;
			sourceTree = "<group>";
		};
		82CCE4E227665DED0005F18C /* NewsAppForLesson */ = {
			isa = PBXGroup;
			children = (
				82CCE4E327665DED0005F18C /* NewsAppForLessonApp.swift */,
				82CCE4E527665DED0005F18C /* ContentView.swift */,
				82CCE4E727665DEE0005F18C /* Assets.xcassets */,
				82CCE4E927665DEE0005F18C /* Preview Content */,
			);
			path = NewsAppForLesson;
			sourceTree = "<group>";
		};
		82CCE4E927665DEE0005F18C /* Preview Content */ = {
			isa = PBXGroup;
			children = (
				82CCE4EA27665DEE0005F18C /* Preview Assets.xcassets */,
			);
			path = "Preview Content";
			sourceTree = "<group>";
		};
		82CCE4F327665DEE0005F18C /* NewsAppForLessonTests */ = {
			isa = PBXGroup;
			children = (
				82CCE4F427665DEE0005F18C /* NewsAppForLessonTests.swift */,
			);
			path = NewsAppForLessonTests;
			sourceTree = "<group>";
		};
		82CCE4FD27665DEE0005F18C /* NewsAppForLessonUITests */ = {
			isa = PBXGroup;
			children = (
				82CCE4FE27665DEE0005F18C /* NewsAppForLessonUITests.swift */,
				82CCE50027665DEE0005F18C /* NewsAppForLessonUITestsLaunchTests.swift */,
			);
			path = NewsAppForLessonUITests;
			sourceTree = "<group>";
		};
/* End PBXGroup section */

/* Begin PBXNativeTarget section */
		82CCE4DF27665DED0005F18C /* NewsAppForLesson */ = {
			isa = PBXNativeTarget;
			buildConfigurationList = 82CCE50427665DEE0005F18C /* Build configuration list for PBXNativeTarget "NewsAppForLesson" */;
			buildPhases = (
				82CCE4DC27665DED0005F18C /* Sources */,
				82CCE4DD27665DED0005F18C /* Frameworks */,
				82CCE4DE27665DED0005F18C /* Resources */,
			);
			buildRules = (
			);
			dependencies = (
			);
			name = NewsAppForLesson;
			productName = NewsAppForLesson;
			productReference = 82CCE4E027665DED0005F18C /* NewsAppForLesson.app */;
			productType = "com.apple.product-type.application";
		};
		82CCE4EF27665DEE0005F18C /* NewsAppForLessonTests */ = {
			isa = PBXNativeTarget;
			buildConfigurationList = 82CCE50727665DEE0005F18C /* Build configuration list for PBXNativeTarget "NewsAppForLessonTests" */;
			buildPhases = (
				82CCE4EC27665DEE0005F18C /* Sources */,
				82CCE4ED27665DEE0005F18C /* Frameworks */,
				82CCE4EE27665DEE0005F18C /* Resources */,
			);
			buildRules = (
			);
			dependencies = (
				82CCE4F227665DEE0005F18C /* PBXTargetDependency */,
			);
			name = NewsAppForLessonTests;
			productName = NewsAppForLessonTests;
			productReference = 82CCE4F027665DEE0005F18C /* NewsAppForLessonTests.xctest */;
			productType = "com.apple.product-type.bundle.unit-test";
		};
		82CCE4F927665DEE0005F18C /* NewsAppForLessonUITests */ = {
			isa = PBXNativeTarget;
			buildConfigurationList = 82CCE50A27665DEE0005F18C /* Build configuration list for PBXNativeTarget "NewsAppForLessonUITests" */;
			buildPhases = (
				82CCE4F627665DEE0005F18C /* Sources */,
				82CCE4F727665DEE0005F18C /* Frameworks */,
				82CCE4F827665DEE0005F18C /* Resources */,
			);
			buildRules = (
			);
			dependencies = (
				82CCE4FC27665DEE0005F18C /* PBXTargetDependency */,
			);
			name = NewsAppForLessonUITests;
			productName = NewsAppForLessonUITests;
			productReference = 82CCE4FA27665DEE0005F18C /* NewsAppForLessonUITests.xctest */;
			productType = "com.apple.product-type.bundle.ui-testing";
		};
/* End PBXNativeTarget section */

/* Begin PBXProject section */
		82CCE4D827665DED0005F18C /* Project object */ = {
			isa = PBXProject;
			attributes = {
				BuildIndependentTargetsInParallel = 1;
				LastSwiftUpdateCheck = 1310;
				LastUpgradeCheck = 1310;
				TargetAttributes = {
					82CCE4DF27665DED0005F18C = {
						CreatedOnToolsVersion = 13.1;
					};
					82CCE4EF27665DEE0005F18C = {
						CreatedOnToolsVersion = 13.1;
						TestTargetID = 82CCE4DF27665DED0005F18C;
					};
					82CCE4F927665DEE0005F18C = {
						CreatedOnToolsVersion = 13.1;
						TestTargetID = 82CCE4DF27665DED0005F18C;
					};
				};
			};
			buildConfigurationList = 82CCE4DB27665DED0005F18C /* Build configuration list for PBXProject "NewsAppForLesson" */;
			compatibilityVersion = "Xcode 13.0";
			developmentRegion = en;
			hasScannedForEncodings = 0;
			knownRegions = (
				en,
				Base,
			);
			mainGroup = 82CCE4D727665DED0005F18C;
			productRefGroup = 82CCE4E127665DED0005F18C /* Products */;
			projectDirPath = "";
			projectRoot = "";
			targets = (
				82CCE4DF27665DED0005F18C /* NewsAppForLesson */,
				82CCE4EF27665DEE0005F18C /* NewsAppForLessonTests */,
				82CCE4F927665DEE0005F18C /* NewsAppForLessonUITests */,
			);
		};
/* End PBXProject section */

/* Begin PBXResourcesBuildPhase section */
		82CCE4DE27665DED0005F18C /* Resources */ = {
			isa = PBXResourcesBuildPhase;
			buildActionMask = 2147483647;
			files = (
				82CCE4EB27665DEE0005F18C /* Preview Assets.xcassets in Resources */,
				82CCE4E827665DEE0005F18C /* Assets.xcassets in Resources */,
			);
			runOnlyForDeploymentPostprocessing = 0;
		};
		82CCE4EE27665DEE0005F18C /* Resources */ = {
			isa = PBXResourcesBuildPhase;
			buildActionMask = 2147483647;
			files = (
			);
			runOnlyForDeploymentPostprocessing = 0;
		};
		82CCE4F827665DEE0005F18C /* Resources */ = {
			isa = PBXResourcesBuildPhase;
			buildActionMask = 2147483647;
			files = (
			);
			runOnlyForDeploymentPostprocessing = 0;
		};
/* End PBXResourcesBuildPhase section */

/* Begin PBXSourcesBuildPhase section */
		82CCE4DC27665DED0005F18C /* Sources */ = {
			isa = PBXSourcesBuildPhase;
			buildActionMask = 2147483647;
			files = (
				82CCE4E627665DED0005F18C /* ContentView.swift in Sources */,
				82CCE4E427665DED0005F18C /* NewsAppForLessonApp.swift in Sources */,
			);
			runOnlyForDeploymentPostprocessing = 0;
		};
		82CCE4EC27665DEE0005F18C /* Sources */ = {
			isa = PBXSourcesBuildPhase;
			buildActionMask = 2147483647;
			files = (
				82CCE4F527665DEE0005F18C /* NewsAppForLessonTests.swift in Sources */,
			);
			runOnlyForDeploymentPostprocessing = 0;
		};
		82CCE4F627665DEE0005F18C /* Sources */ = {
			isa = PBXSourcesBuildPhase;
			buildActionMask = 2147483647;
			files = (
				82CCE4FF27665DEE0005F18C /* NewsAppForLessonUITests.swift in Sources */,
				82CCE50127665DEE0005F18C /* NewsAppForLessonUITestsLaunchTests.swift in Sources */,
			);
			runOnlyForDeploymentPostprocessing = 0;
		};
/* End PBXSourcesBuildPhase section */

/* Begin PBXTargetDependency section */
		82CCE4F227665DEE0005F18C /* PBXTargetDependency */ = {
			isa = PBXTargetDependency;
			target = 82CCE4DF27665DED0005F18C /* NewsAppForLesson */;
			targetProxy = 82CCE4F127665DEE0005F18C /* PBXContainerItemProxy */;
		};
		82CCE4FC27665DEE0005F18C /* PBXTargetDependency */ = {
			isa = PBXTargetDependency;
			target = 82CCE4DF27665DED0005F18C /* NewsAppForLesson */;
			targetProxy = 82CCE4FB27665DEE0005F18C /* PBXContainerItemProxy */;
		};
/* End PBXTargetDependency section */

/* Begin XCBuildConfiguration section */
		82CCE50227665DEE0005F18C /* Debug */ = {
			isa = XCBuildConfiguration;
			buildSettings = {
				ALWAYS_SEARCH_USER_PATHS = NO;
				CLANG_ANALYZER_NONNULL = YES;
				CLANG_ANALYZER_NUMBER_OBJECT_CONVERSION = YES_AGGRESSIVE;
				CLANG_CXX_LANGUAGE_STANDARD = "gnu++17";
				CLANG_CXX_LIBRARY = "libc++";
				CLANG_ENABLE_MODULES = YES;
				CLANG_ENABLE_OBJC_ARC = YES;
				CLANG_ENABLE_OBJC_WEAK = YES;
				CLANG_WARN_BLOCK_CAPTURE_AUTORELEASING = YES;
				CLANG_WARN_BOOL_CONVERSION = YES;
				CLANG_WARN_COMMA = YES;
				CLANG_WARN_CONSTANT_CONVERSION = YES;
				CLANG_WARN_DEPRECATED_OBJC_IMPLEMENTATIONS = YES;
				CLANG_WARN_DIRECT_OBJC_ISA_USAGE = YES_ERROR;
				CLANG_WARN_DOCUMENTATION_COMMENTS = YES;
				CLANG_WARN_EMPTY_BODY = YES;
				CLANG_WARN_ENUM_CONVERSION = YES;
				CLANG_WARN_INFINITE_RECURSION = YES;
				CLANG_WARN_INT_CONVERSION = YES;
				CLANG_WARN_NON_LITERAL_NULL_CONVERSION = YES;
				CLANG_WARN_OBJC_IMPLICIT_RETAIN_SELF = YES;
				CLANG_WARN_OBJC_LITERAL_CONVERSION = YES;
				CLANG_WARN_OBJC_ROOT_CLASS = YES_ERROR;
				CLANG_WARN_QUOTED_INCLUDE_IN_FRAMEWORK_HEADER = YES;
				CLANG_WARN_RANGE_LOOP_ANALYSIS = YES;
				CLANG_WARN_STRICT_PROTOTYPES = YES;
				CLANG_WARN_SUSPICIOUS_MOVE = YES;
				CLANG_WARN_UNGUARDED_AVAILABILITY = YES_AGGRESSIVE;
				CLANG_WARN_UNREACHABLE_CODE = YES;
				CLANG_WARN__DUPLICATE_METHOD_MATCH = YES;
				COPY_PHASE_STRIP = NO;
				DEBUG_INFORMATION_FORMAT = dwarf;
				ENABLE_STRICT_OBJC_MSGSEND = YES;
				ENABLE_TESTABILITY = YES;
				GCC_C_LANGUAGE_STANDARD = gnu11;
				GCC_DYNAMIC_NO_PIC = NO;
				GCC_NO_COMMON_BLOCKS = YES;
				GCC_OPTIMIZATION_LEVEL = 0;
				GCC_PREPROCESSOR_DEFINITIONS = (
					"DEBUG=1",
					"$(inherited)",
				);
				GCC_WARN_64_TO_32_BIT_CONVERSION = YES;
				GCC_WARN_ABOUT_RETURN_TYPE = YES_ERROR;
				GCC_WARN_UNDECLARED_SELECTOR = YES;
				GCC_WARN_UNINITIALIZED_AUTOS = YES_AGGRESSIVE;
				GCC_WARN_UNUSED_FUNCTION = YES;
				GCC_WARN_UNUSED_VARIABLE = YES;
				IPHONEOS_DEPLOYMENT_TARGET = 15.0;
				MTL_ENABLE_DEBUG_INFO = INCLUDE_SOURCE;
				MTL_FAST_MATH = YES;
				ONLY_ACTIVE_ARCH = YES;
				SDKROOT = iphoneos;
				SWIFT_ACTIVE_COMPILATION_CONDITIONS = DEBUG;
				SWIFT_OPTIMIZATION_LEVEL = "-Onone";
			};
			name = Debug;
		};
		82CCE50327665DEE0005F18C /* Release */ = {
			isa = XCBuildConfiguration;
			buildSettings = {
				ALWAYS_SEARCH_USER_PATHS = NO;
				CLANG_ANALYZER_NONNULL = YES;
				CLANG_ANALYZER_NUMBER_OBJECT_CONVERSION = YES_AGGRESSIVE;
				CLANG_CXX_LANGUAGE_STANDARD = "gnu++17";
				CLANG_CXX_LIBRARY = "libc++";
				CLANG_ENABLE_MODULES = YES;
				CLANG_ENABLE_OBJC_ARC = YES;
				CLANG_ENABLE_OBJC_WEAK = YES;
				CLANG_WARN_BLOCK_CAPTURE_AUTORELEASING = YES;
				CLANG_WARN_BOOL_CONVERSION = YES;
				CLANG_WARN_COMMA = YES;
				CLANG_WARN_CONSTANT_CONVERSION = YES;
				CLANG_WARN_DEPRECATED_OBJC_IMPLEMENTATIONS = YES;
				CLANG_WARN_DIRECT_OBJC_ISA_USAGE = YES_ERROR;
				CLANG_WARN_DOCUMENTATION_COMMENTS = YES;
				CLANG_WARN_EMPTY_BODY = YES;
				CLANG_WARN_ENUM_CONVERSION = YES;
				CLANG_WARN_INFINITE_RECURSION = YES;
				CLANG_WARN_INT_CONVERSION = YES;
				CLANG_WARN_NON_LITERAL_NULL_CONVERSION = YES;
				CLANG_WARN_OBJC_IMPLICIT_RETAIN_SELF = YES;
				CLANG_WARN_OBJC_LITERAL_CONVERSION = YES;
				CLANG_WARN_OBJC_ROOT_CLASS = YES_ERROR;
				CLANG_WARN_QUOTED_INCLUDE_IN_FRAMEWORK_HEADER = YES;
				CLANG_WARN_RANGE_LOOP_ANALYSIS = YES;
				CLANG_WARN_STRICT_PROTOTYPES = YES;
				CLANG_WARN_SUSPICIOUS_MOVE = YES;
				CLANG_WARN_UNGUARDED_AVAILABILITY = YES_AGGRESSIVE;
				CLANG_WARN_UNREACHABLE_CODE = YES;
				CLANG_WARN__DUPLICATE_METHOD_MATCH = YES;
				COPY_PHASE_STRIP = NO;
				DEBUG_INFORMATION_FORMAT = "dwarf-with-dsym";
				ENABLE_NS_ASSERTIONS = NO;
				ENABLE_STRICT_OBJC_MSGSEND = YES;
				GCC_C_LANGUAGE_STANDARD = gnu11;
				GCC_NO_COMMON_BLOCKS = YES;
				GCC_WARN_64_TO_32_BIT_CONVERSION = YES;
				GCC_WARN_ABOUT_RETURN_TYPE = YES_ERROR;
				GCC_WARN_UNDECLARED_SELECTOR = YES;
				GCC_WARN_UNINITIALIZED_AUTOS = YES_AGGRESSIVE;
				GCC_WARN_UNUSED_FUNCTION = YES;
				GCC_WARN_UNUSED_VARIABLE = YES;
				IPHONEOS_DEPLOYMENT_TARGET = 15.0;
				MTL_ENABLE_DEBUG_INFO = NO;
				MTL_FAST_MATH = YES;
				SDKROOT = iphoneos;
				SWIFT_COMPILATION_MODE = wholemodule;
				SWIFT_OPTIMIZATION_LEVEL = "-O";
				VALIDATE_PRODUCT = YES;
			};
			name = Release;
		};
		82CCE50527665DEE0005F18C /* Debug */ = {
			isa = XCBuildConfiguration;
			buildSettings = {
				ASSETCATALOG_COMPILER_APPICON_NAME = AppIcon;
				ASSETCATALOG_COMPILER_GLOBAL_ACCENT_COLOR_NAME = AccentColor;
				CODE_SIGN_STYLE = Automatic;
				CURRENT_PROJECT_VERSION = 1;
				DEVELOPMENT_ASSET_PATHS = "\"NewsAppForLesson/Preview Content\"";
				DEVELOPMENT_TEAM = 274RF4F6D5;
				ENABLE_PREVIEWS = YES;
				GENERATE_INFOPLIST_FILE = YES;
				INFOPLIST_KEY_UIApplicationSceneManifest_Generation = YES;
				INFOPLIST_KEY_UIApplicationSupportsIndirectInputEvents = YES;
				INFOPLIST_KEY_UILaunchScreen_Generation = YES;
				INFOPLIST_KEY_UISupportedInterfaceOrientations_iPad = "UIInterfaceOrientationPortrait UIInterfaceOrientationPortraitUpsideDown UIInterfaceOrientationLandscapeLeft UIInterfaceOrientationLandscapeRight";
				INFOPLIST_KEY_UISupportedInterfaceOrientations_iPhone = "UIInterfaceOrientationPortrait UIInterfaceOrientationLandscapeLeft UIInterfaceOrientationLandscapeRight";
				LD_RUNPATH_SEARCH_PATHS = (
					"$(inherited)",
					"@executable_path/Frameworks",
				);
				MARKETING_VERSION = 1.0;
				PRODUCT_BUNDLE_IDENTIFIER = chesnikov.NewsAppForLesson;
				PRODUCT_NAME = "$(TARGET_NAME)";
				SWIFT_EMIT_LOC_STRINGS = YES;
				SWIFT_VERSION = 5.0;
				TARGETED_DEVICE_FAMILY = "1,2";
			};
			name = Debug;
		};
		82CCE50627665DEE0005F18C /* Release */ = {
			isa = XCBuildConfiguration;
			buildSettings = {
				ASSETCATALOG_COMPILER_APPICON_NAME = AppIcon;
				ASSETCATALOG_COMPILER_GLOBAL_ACCENT_COLOR_NAME = AccentColor;
				CODE_SIGN_STYLE = Automatic;
				CURRENT_PROJECT_VERSION = 1;
				DEVELOPMENT_ASSET_PATHS = "\"NewsAppForLesson/Preview Content\"";
				DEVELOPMENT_TEAM = 274RF4F6D5;
				ENABLE_PREVIEWS = YES;
				GENERATE_INFOPLIST_FILE = YES;
				INFOPLIST_KEY_UIApplicationSceneManifest_Generation = YES;
				INFOPLIST_KEY_UIApplicationSupportsIndirectInputEvents = YES;
				INFOPLIST_KEY_UILaunchScreen_Generation = YES;
				INFOPLIST_KEY_UISupportedInterfaceOrientations_iPad = "UIInterfaceOrientationPortrait UIInterfaceOrientationPortraitUpsideDown UIInterfaceOrientationLandscapeLeft UIInterfaceOrientationLandscapeRight";
				INFOPLIST_KEY_UISupportedInterfaceOrientations_iPhone = "UIInterfaceOrientationPortrait UIInterfaceOrientationLandscapeLeft UIInterfaceOrientationLandscapeRight";
				LD_RUNPATH_SEARCH_PATHS = (
					"$(inherited)",
					"@executable_path/Frameworks",
				);
				MARKETING_VERSION = 1.0;
				PRODUCT_BUNDLE_IDENTIFIER = chesnikov.NewsAppForLesson;
				PRODUCT_NAME = "$(TARGET_NAME)";
				SWIFT_EMIT_LOC_STRINGS = YES;
				SWIFT_VERSION = 5.0;
				TARGETED_DEVICE_FAMILY = "1,2";
			};
			name = Release;
		};
		82CCE50827665DEE0005F18C /* Debug */ = {
			isa = XCBuildConfiguration;
			buildSettings = {
				ALWAYS_EMBED_SWIFT_STANDARD_LIBRARIES = YES;
				BUNDLE_LOADER = "$(TEST_HOST)";
				CODE_SIGN_STYLE = Automatic;
				CURRENT_PROJECT_VERSION = 1;
				DEVELOPMENT_TEAM = 274RF4F6D5;
				GENERATE_INFOPLIST_FILE = YES;
				IPHONEOS_DEPLOYMENT_TARGET = 15.0;
				LD_RUNPATH_SEARCH_PATHS = (
					"$(inherited)",
					"@executable_path/Frameworks",
					"@loader_path/Frameworks",
				);
				MARKETING_VERSION = 1.0;
				PRODUCT_BUNDLE_IDENTIFIER = chesnikov.NewsAppForLessonTests;
				PRODUCT_NAME = "$(TARGET_NAME)";
				SWIFT_EMIT_LOC_STRINGS = NO;
				SWIFT_VERSION = 5.0;
				TARGETED_DEVICE_FAMILY = "1,2";
				TEST_HOST = "$(BUILT_PRODUCTS_DIR)/NewsAppForLesson.app/NewsAppForLesson";
			};
			name = Debug;
		};
		82CCE50927665DEE0005F18C /* Release */ = {
			isa = XCBuildConfiguration;
			buildSettings = {
				ALWAYS_EMBED_SWIFT_STANDARD_LIBRARIES = YES;
				BUNDLE_LOADER = "$(TEST_HOST)";
				CODE_SIGN_STYLE = Automatic;
				CURRENT_PROJECT_VERSION = 1;
				DEVELOPMENT_TEAM = 274RF4F6D5;
				GENERATE_INFOPLIST_FILE = YES;
				IPHONEOS_DEPLOYMENT_TARGET = 15.0;
				LD_RUNPATH_SEARCH_PATHS = (
					"$(inherited)",
					"@executable_path/Frameworks",
					"@loader_path/Frameworks",
				);
				MARKETING_VERSION = 1.0;
				PRODUCT_BUNDLE_IDENTIFIER = chesnikov.NewsAppForLessonTests;
				PRODUCT_NAME = "$(TARGET_NAME)";
				SWIFT_EMIT_LOC_STRINGS = NO;
				SWIFT_VERSION = 5.0;
				TARGETED_DEVICE_FAMILY = "1,2";
				TEST_HOST = "$(BUILT_PRODUCTS_DIR)/NewsAppForLesson.app/NewsAppForLesson";
			};
			name = Release;
		};
		82CCE50B27665DEE0005F18C /* Debug */ = {
			isa = XCBuildConfiguration;
			buildSettings = {
				ALWAYS_EMBED_SWIFT_STANDARD_LIBRARIES = YES;
				CODE_SIGN_STYLE = Automatic;
				CURRENT_PROJECT_VERSION = 1;
				DEVELOPMENT_TEAM = 274RF4F6D5;
				GENERATE_INFOPLIST_FILE = YES;
				LD_RUNPATH_SEARCH_PATHS = (
					"$(inherited)",
					"@executable_path/Frameworks",
					"@loader_path/Frameworks",
				);
				MARKETING_VERSION = 1.0;
				PRODUCT_BUNDLE_IDENTIFIER = chesnikov.NewsAppForLessonUITests;
				PRODUCT_NAME = "$(TARGET_NAME)";
				SWIFT_EMIT_LOC_STRINGS = NO;
				SWIFT_VERSION = 5.0;
				TARGETED_DEVICE_FAMILY = "1,2";
				TEST_TARGET_NAME = NewsAppForLesson;
			};
			name = Debug;
		};
		82CCE50C27665DEE0005F18C /* Release */ = {
			isa = XCBuildConfiguration;
			buildSettings = {
				ALWAYS_EMBED_SWIFT_STANDARD_LIBRARIES = YES;
				CODE_SIGN_STYLE = Automatic;
				CURRENT_PROJECT_VERSION = 1;
				DEVELOPMENT_TEAM = 274RF4F6D5;
				GENERATE_INFOPLIST_FILE = YES;
				LD_RUNPATH_SEARCH_PATHS = (
					"$(inherited)",
					"@executable_path/Frameworks",
					"@loader_path/Frameworks",
				);
				MARKETING_VERSION = 1.0;
				PRODUCT_BUNDLE_IDENTIFIER = chesnikov.NewsAppForLessonUITests;
				PRODUCT_NAME = "$(TARGET_NAME)";
				SWIFT_EMIT_LOC_STRINGS = NO;
				SWIFT_VERSION = 5.0;
				TARGETED_DEVICE_FAMILY = "1,2";
				TEST_TARGET_NAME = NewsAppForLesson;
			};
			name = Release;
		};
/* End XCBuildConfiguration section */

/* Begin XCConfigurationList section */
		82CCE4DB27665DED0005F18C /* Build configuration list for PBXProject "NewsAppForLesson" */ = {
			isa = XCConfigurationList;
			buildConfigurations = (
				82CCE50227665DEE0005F18C /* Debug */,
				82CCE50327665DEE0005F18C /* Release */,
			);
			defaultConfigurationIsVisible = 0;
			defaultConfigurationName = Release;
		};
		82CCE50427665DEE0005F18C /* Build configuration list for PBXNativeTarget "NewsAppForLesson" */ = {
			isa = XCConfigurationList;
			buildConfigurations = (
				82CCE50527665DEE0005F18C /* Debug */,
				82CCE50627665DEE0005F18C /* Release */,
			);
			defaultConfigurationIsVisible = 0;
			defaultConfigurationName = Release;
		};
		82CCE50727665DEE0005F18C /* Build configuration list for PBXNativeTarget "NewsAppForLessonTests" */ = {
			isa = XCConfigurationList;
			buildConfigurations = (
				82CCE50827665DEE0005F18C /* Debug */,
				82CCE50927665DEE0005F18C /* Release */,
			);
			defaultConfigurationIsVisible = 0;
			defaultConfigurationName = Release;
		};
		82CCE50A27665DEE0005F18C /* Build configuration list for PBXNativeTarget "NewsAppForLessonUITests" */ = {
			isa = XCConfigurationList;
			buildConfigurations = (
				82CCE50B27665DEE0005F18C /* Debug */,
				82CCE50C27665DEE0005F18C /* Release */,
			);
			defaultConfigurationIsVisible = 0;
			defaultConfigurationName = Release;
		};
/* End XCConfigurationList section */
	};
	rootObject = 82CCE4D827665DED0005F18C /* Project object */;
}
